# THIS IS AN AUTOGENERATED FILE. DO NOT EDIT THIS FILE DIRECTLY.
# yarn lockfile v1


adm-zip@^0.5.4:
  version "0.5.16"
  resolved "https://registry.yarnpkg.com/adm-zip/-/adm-zip-0.5.16.tgz#0b5e4c779f07dedea5805cdccb1147071d94a909"
  integrity sha512-TGw5yVi4saajsSEgz25grObGHEUaDrniwvA2qwSC060KfqGPdglhvPMA2lPIoxs3PQIItj2iag35fONcQqgUaQ==

deno-bin@^2.1.6:
  version "2.2.7"
  resolved "https://registry.yarnpkg.com/deno-bin/-/deno-bin-2.2.7.tgz#1eb8357815ef0f37e6470c7972f511762e107235"
  integrity sha512-ANCqji3OqD0Voji5OtUElCFRhcp1Wt6d2LUMR+jlOXkIN/MqL8BgzHFMi3a5e8YnB7IEpxsR/O3Yd+wkQXcc9g==
  dependencies:
    adm-zip "^0.5.4"
